
Microsoft Visual Studio Solution File, Format Version 12.00
# Visual Studio Version 17
VisualStudioVersion = 17.0.31903.59
MinimumVisualStudioVersion = 10.0.40219.1
Project("{F2A71F9B-5D33-465A-A702-920D77279786}") = "UseFSharpNotWorking", "UseFSharpNotWorking\UseFSharpNotWorking.fsproj", "{6B592964-6C45-4F89-BB62-62173D8F845C}"
EndProject
Project("{F2A71F9B-5D33-465A-A702-920D77279786}") = "UseFSharpFixed", "UseFSharpFixed\UseFSharpFixed.fsproj", "{9D0E8741-8E78-47B9-897C-D9158CBF6086}"
EndProject
Global
	GlobalSection(SolutionConfigurationPlatforms) = preSolution
		Debug|Any CPU = Debug|Any CPU
		Release|Any CPU = Release|Any CPU
	EndGlobalSection
	GlobalSection(SolutionProperties) = preSolution
		HideSolutionNode = FALSE
	EndGlobalSection
	GlobalSection(ProjectConfigurationPlatforms) = postSolution
		{6B592964-6C45-4F89-BB62-62173D8F845C}.Debug|Any CPU.ActiveCfg = Debug|Any CPU
		{6B592964-6C45-4F89-BB62-62173D8F845C}.Debug|Any CPU.Build.0 = Debug|Any CPU
		{6B592964-6C45-4F89-BB62-62173D8F845C}.Release|Any CPU.ActiveCfg = Release|Any CPU
		{6B592964-6C45-4F89-BB62-62173D8F845C}.Release|Any CPU.Build.0 = Release|Any CPU
		{9D0E8741-8E78-47B9-897C-D9158CBF6086}.Debug|Any CPU.ActiveCfg = Debug|Any CPU
		{9D0E8741-8E78-47B9-897C-D9158CBF6086}.Debug|Any CPU.Build.0 = Debug|Any CPU
		{9D0E8741-8E78-47B9-897C-D9158CBF6086}.Release|Any CPU.ActiveCfg = Release|Any CPU
		{9D0E8741-8E78-47B9-897C-D9158CBF6086}.Release|Any CPU.Build.0 = Release|Any CPU
	EndGlobalSection
EndGlobal
